{
  "name": "webpack",
  "version": "1.0.0",
  "lockfileVersion": 1,
  "requires": true,
  "dependencies": {
    "aos": {
      "version": "2.3.4",
      "resolved": "https://registry.npmjs.org/aos/-/aos-2.3.4.tgz",
      "integrity": "sha512-zh/ahtR2yME4I51z8IttIt4lC1Nw0ktsFtmeDzID1m9naJnWXhCoARaCgNOGXb5CLy3zm+wqmRAEgMYB5E2HUw==",
      "requires": {
        "classlist-polyfill": "^1.0.3",
        "lodash.debounce": "^4.0.6",
        "lodash.throttle": "^4.0.1"
      }
    },
    "bootstrap": {
      "version": "4.3.1",
      "resolved": "https://registry.npmjs.org/bootstrap/-/bootstrap-4.3.1.tgz",
      "integrity": "sha512-rXqOmH1VilAt2DyPzluTi2blhk17bO7ef+zLLPlWvG494pDxcM234pJ8wTc/6R40UWizAIIMgxjvxZg5kmsbag=="
    },
    "classlist-polyfill": {
      "version": "1.2.0",
      "resolved": "https://registry.npmjs.org/classlist-polyfill/-/classlist-polyfill-1.2.0.tgz",
      "integrity": "sha1-k1vC39lFiodrJ5YXUUY4vKqWSi4="
    },
    "jquery": {
      "version": "3.4.1",
      "resolved": "https://registry.npmjs.org/jquery/-/jquery-3.4.1.tgz",
      "integrity": "sha512-36+AdBzCL+y6qjw5Tx7HgzeGCzC81MDDgaUP8ld2zhx58HdqXGoBd+tHdrBMiyjGQs0Hxs/MLZTu/eHNJJuWPw=="
    },
    "jquery-countdown": {
      "version": "2.2.0",
      "resolved": "https://registry.npmjs.org/jquery-countdown/-/jquery-countdown-2.2.0.tgz",
      "integrity": "sha1-unjtXXzxB7OxysnGugeZfUqi3O8="
    },
    "lodash.debounce": {
      "version": "4.0.8",
      "resolved": "https://registry.npmjs.org/lodash.debounce/-/lodash.debounce-4.0.8.tgz",
      "integrity": "sha1-gteb/zCmfEAF/9XiUVMArZyk168="
    },
    "lodash.throttle": {
      "version": "4.1.1",
      "resolved": "https://registry.npmjs.org/lodash.throttle/-/lodash.throttle-4.1.1.tgz",
      "integrity": "sha1-wj6RtxAkKscMN/HhzaknTMOb8vQ="
    },
    "owl-carousel": {
      "version": "1.0.0",
      "resolved": "https://registry.npmjs.org/owl-carousel/-/owl-carousel-1.0.0.tgz",
      "integrity": "sha512-xgOxxUqpSPM0dopWkcMri9MoGv8TrEDAnsc+6OYuHhO2x3YpsEKDW2fJomPDOA6KkSTa3utLvgP+irVwAXSGog=="
    },
    "superfish": {
      "version": "1.7.10",
      "resolved": "https://registry.npmjs.org/superfish/-/superfish-1.7.10.tgz",
      "integrity": "sha512-4O2ySFEtu9AEmYy4gkRl2ifHPwzR1RSQBTpFedpR2nv8qxhx3lEdotHvxKGApHdjmffJuB/Oj5wflHJh1bnMIw==",
      "requires": {
        "jquery": ">=1.8"
      }
    },
    "venobox": {
      "version": "1.8.6",
      "resolved": "https://registry.npmjs.org/venobox/-/venobox-1.8.6.tgz",
      "integrity": "sha512-D5GFMNxoCmEglV2E2YgKK3XZhfaX1KW6YqEZL7BsdTTsvYBEiAXsWKs3OvufnoGp/G6sCTB52jPD9jnN7o8C4A==",
      "requires": {
        "jquery": ">=1.7.0"
      }
    }
  }
}
